
Microsoft Visual Studio Solution File, Format Version 12.00
# Visual Studio Version 17
VisualStudioVersion = 17.10.35122.118
MinimumVisualStudioVersion = 10.0.40219.1
Project("{FAE04EC0-301F-11D3-BF4B-00C04F79EFBC}") = "WinFormsApp25", "WinFormsApp25\WinFormsApp25.csproj", "{64FDD34D-32BF-41E5-8B27-A23E005928F8}"
EndProject
Global
	GlobalSection(SolutionConfigurationPlatforms) = preSolution
		Debug|Any CPU = Debug|Any CPU
		Release|Any CPU = Release|Any CPU
	EndGlobalSection
	GlobalSection(ProjectConfigurationPlatforms) = postSolution
		{64FDD34D-32BF-41E5-8B27-A23E005928F8}.Debug|Any CPU.ActiveCfg = Debug|Any CPU
		{64FDD34D-32BF-41E5-8B27-A23E005928F8}.Debug|Any CPU.Build.0 = Debug|Any CPU
		{64FDD34D-32BF-41E5-8B27-A23E005928F8}.Release|Any CPU.ActiveCfg = Release|Any CPU
		{64FDD34D-32BF-41E5-8B27-A23E005928F8}.Release|Any CPU.Build.0 = Release|Any CPU
	EndGlobalSection
	GlobalSection(SolutionProperties) = preSolution
		HideSolutionNode = FALSE
	EndGlobalSection
	GlobalSection(ExtensibilityGlobals) = postSolution
		SolutionGuid = {F475693F-8AA4-4BE5-A920-21FD3B9D841B}
	EndGlobalSection
EndGlobal
